{
  "name": "@comparadise/utils",
  "version": "1.0.0",
  "lockfileVersion": 2,
  "requires": true,
  "packages": {
    "": {
      "name": "@comparadise/utils",
      "version": "1.0.0",
      "dependencies": {
        "pixelmatch": "5.3.0",
        "pngjs": "7.0.0"
      },
      "devDependencies": {
        "@types/pixelmatch": "5.2.4",
        "@types/pngjs": "6.0.1"
      }
    },
    "node_modules/@types/node": {
      "version": "20.1.7",
      "resolved": "https://registry.npmjs.org/@types/node/-/node-20.1.7.tgz",
      "integrity": "sha512-WCuw/o4GSwDGMoonES8rcvwsig77dGCMbZDrZr2x4ZZiNW4P/gcoZXe/0twgtobcTkmg9TuKflxYL/DuwDyJzg==",
      "dev": true
    },
    "node_modules/@types/pixelmatch": {
      "version": "5.2.4",
      "resolved": "https://registry.npmjs.org/@types/pixelmatch/-/pixelmatch-5.2.4.tgz",
      "integrity": "sha512-HDaSHIAv9kwpMN7zlmwfTv6gax0PiporJOipcrGsVNF3Ba+kryOZc0Pio5pn6NhisgWr7TaajlPEKTbTAypIBQ==",
      "dev": true,
      "dependencies": {
        "@types/node": "*"
      }
    },
    "node_modules/@types/pngjs": {
      "version": "6.0.1",
      "resolved": "https://registry.npmjs.org/@types/pngjs/-/pngjs-6.0.1.tgz",
      "integrity": "sha512-J39njbdW1U/6YyVXvC9+1iflZghP8jgRf2ndYghdJb5xL49LYDB+1EuAxfbuJ2IBbWIL3AjHPQhgaTxT3YaYeg==",
      "dev": true,
      "dependencies": {
        "@types/node": "*"
      }
    },
    "node_modules/pixelmatch": {
      "version": "5.3.0",
      "resolved": "https://registry.npmjs.org/pixelmatch/-/pixelmatch-5.3.0.tgz",
      "integrity": "sha512-o8mkY4E/+LNUf6LzX96ht6k6CEDi65k9G2rjMtBe9Oo+VPKSvl+0GKHuH/AlG+GA5LPG/i5hrekkxUc3s2HU+Q==",
      "dependencies": {
        "pngjs": "^6.0.0"
      },
      "bin": {
        "pixelmatch": "bin/pixelmatch"
      }
    },
    "node_modules/pixelmatch/node_modules/pngjs": {
      "version": "6.0.0",
      "resolved": "https://registry.npmjs.org/pngjs/-/pngjs-6.0.0.tgz",
      "integrity": "sha512-TRzzuFRRmEoSW/p1KVAmiOgPco2Irlah+bGFCeNfJXxxYGwSw7YwAOAcd7X28K/m5bjBWKsC29KyoMfHbypayg==",
      "engines": {
        "node": ">=12.13.0"
      }
    },
    "node_modules/pngjs": {
      "version": "7.0.0",
      "resolved": "https://registry.npmjs.org/pngjs/-/pngjs-7.0.0.tgz",
      "integrity": "sha512-LKWqWJRhstyYo9pGvgor/ivk2w94eSjE3RGVuzLGlr3NmD8bf7RcYGze1mNdEHRP6TRP6rMuDHk5t44hnTRyow==",
      "engines": {
        "node": ">=14.19.0"
      }
    }
  },
  "dependencies": {
    "@types/node": {
      "version": "20.1.7",
      "resolved": "https://registry.npmjs.org/@types/node/-/node-20.1.7.tgz",
      "integrity": "sha512-WCuw/o4GSwDGMoonES8rcvwsig77dGCMbZDrZr2x4ZZiNW4P/gcoZXe/0twgtobcTkmg9TuKflxYL/DuwDyJzg==",
      "dev": true
    },
    "@types/pixelmatch": {
      "version": "5.2.4",
      "resolved": "https://registry.npmjs.org/@types/pixelmatch/-/pixelmatch-5.2.4.tgz",
      "integrity": "sha512-HDaSHIAv9kwpMN7zlmwfTv6gax0PiporJOipcrGsVNF3Ba+kryOZc0Pio5pn6NhisgWr7TaajlPEKTbTAypIBQ==",
      "dev": true,
      "requires": {
        "@types/node": "*"
      }
    },
    "@types/pngjs": {
      "version": "6.0.1",
      "resolved": "https://registry.npmjs.org/@types/pngjs/-/pngjs-6.0.1.tgz",
      "integrity": "sha512-J39njbdW1U/6YyVXvC9+1iflZghP8jgRf2ndYghdJb5xL49LYDB+1EuAxfbuJ2IBbWIL3AjHPQhgaTxT3YaYeg==",
      "dev": true,
      "requires": {
        "@types/node": "*"
      }
    },
    "pixelmatch": {
      "version": "5.3.0",
      "resolved": "https://registry.npmjs.org/pixelmatch/-/pixelmatch-5.3.0.tgz",
      "integrity": "sha512-o8mkY4E/+LNUf6LzX96ht6k6CEDi65k9G2rjMtBe9Oo+VPKSvl+0GKHuH/AlG+GA5LPG/i5hrekkxUc3s2HU+Q==",
      "requires": {
        "pngjs": "^6.0.0"
      },
      "dependencies": {
        "pngjs": {
          "version": "6.0.0",
          "resolved": "https://registry.npmjs.org/pngjs/-/pngjs-6.0.0.tgz",
          "integrity": "sha512-TRzzuFRRmEoSW/p1KVAmiOgPco2Irlah+bGFCeNfJXxxYGwSw7YwAOAcd7X28K/m5bjBWKsC29KyoMfHbypayg=="
        }
      }
    },
    "pngjs": {
      "version": "7.0.0",
      "resolved": "https://registry.npmjs.org/pngjs/-/pngjs-7.0.0.tgz",
      "integrity": "sha512-LKWqWJRhstyYo9pGvgor/ivk2w94eSjE3RGVuzLGlr3NmD8bf7RcYGze1mNdEHRP6TRP6rMuDHk5t44hnTRyow=="
    }
  }
}
